
Microsoft Visual Studio Solution File, Format Version 12.00
# Visual Studio 2013
VisualStudioVersion = 12.0.31101.0
MinimumVisualStudioVersion = 10.0.40219.1
Project("{8BC9CEB8-8B4A-11D0-8D11-00A0C91BC942}") = "bla", "bla\bla.vcxproj", "{97099BF6-581F-471D-97CA-FD1FF3192421}"
EndProject
Project("{8BC9CEB8-8B4A-11D0-8D11-00A0C91BC942}") = "rattle", "rattle\rattle.vcxproj", "{066E913E-3C1B-4585-9E53-4D4754EC763B}"
	ProjectSection(ProjectDependencies) = postProject
		{97099BF6-581F-471D-97CA-FD1FF3192421} = {97099BF6-581F-471D-97CA-FD1FF3192421}
	EndProjectSection
EndProject
Global
	GlobalSection(SolutionConfigurationPlatforms) = preSolution
		Debug|Win32 = Debug|Win32
		Debug|x64 = Debug|x64
		Release|Win32 = Release|Win32
		Release|x64 = Release|x64
	EndGlobalSection
	GlobalSection(ProjectConfigurationPlatforms) = postSolution
		{97099BF6-581F-471D-97CA-FD1FF3192421}.Debug|Win32.ActiveCfg = Debug|Win32
		{97099BF6-581F-471D-97CA-FD1FF3192421}.Debug|Win32.Build.0 = Debug|Win32
		{97099BF6-581F-471D-97CA-FD1FF3192421}.Debug|x64.ActiveCfg = Debug|x64
		{97099BF6-581F-471D-97CA-FD1FF3192421}.Debug|x64.Build.0 = Debug|x64
		{97099BF6-581F-471D-97CA-FD1FF3192421}.Release|Win32.ActiveCfg = Release|Win32
		{97099BF6-581F-471D-97CA-FD1FF3192421}.Release|Win32.Build.0 = Release|Win32
		{97099BF6-581F-471D-97CA-FD1FF3192421}.Release|x64.ActiveCfg = Release|x64
		{97099BF6-581F-471D-97CA-FD1FF3192421}.Release|x64.Build.0 = Release|x64
		{066E913E-3C1B-4585-9E53-4D4754EC763B}.Debug|Win32.ActiveCfg = Debug|Win32
		{066E913E-3C1B-4585-9E53-4D4754EC763B}.Debug|Win32.Build.0 = Debug|Win32
		{066E913E-3C1B-4585-9E53-4D4754EC763B}.Debug|x64.ActiveCfg = Debug|x64
		{066E913E-3C1B-4585-9E53-4D4754EC763B}.Debug|x64.Build.0 = Debug|x64
		{066E913E-3C1B-4585-9E53-4D4754EC763B}.Release|Win32.ActiveCfg = Release|Win32
		{066E913E-3C1B-4585-9E53-4D4754EC763B}.Release|Win32.Build.0 = Release|Win32
		{066E913E-3C1B-4585-9E53-4D4754EC763B}.Release|x64.ActiveCfg = Release|x64
		{066E913E-3C1B-4585-9E53-4D4754EC763B}.Release|x64.Build.0 = Release|x64
	EndGlobalSection
	GlobalSection(SolutionProperties) = preSolution
		HideSolutionNode = FALSE
	EndGlobalSection
EndGlobal
